// !$*UTF8*$!
{
	archiveVersion = 1;
	classes = {
	};
	objectVersion = 56;
	objects = {

/* Begin PBXBuildFile section */
		C2263BC529CE22F700E15792 /* LoginViewController.swift in Sources */ = {isa = PBXBuildFile; fileRef = C2263BC429CE22F700E15792 /* LoginViewController.swift */; };
		C2263BC829CE255600E15792 /* SignUpViewController.swift in Sources */ = {isa = PBXBuildFile; fileRef = C2263BC729CE255600E15792 /* SignUpViewController.swift */; };
		C2714AD929E7173B00CAEFAE /* User.swift in Sources */ = {isa = PBXBuildFile; fileRef = C2714AD829E7173B00CAEFAE /* User.swift */; };
		C2E69CE629EF988D0067CA08 /* PostViewController.swift in Sources */ = {isa = PBXBuildFile; fileRef = C2E69CE529EF988D0067CA08 /* PostViewController.swift */; };
		C2E69CE829EF99040067CA08 /* Post.swift in Sources */ = {isa = PBXBuildFile; fileRef = C2E69CE729EF99040067CA08 /* Post.swift */; };
		C840983129EFE073007576CD /* FAQViewController.swift in Sources */ = {isa = PBXBuildFile; fileRef = C840983029EFE073007576CD /* FAQViewController.swift */; };
		C84225AA29E6833F005CD832 /* ParseSwift in Frameworks */ = {isa = PBXBuildFile; productRef = C84225A929E6833F005CD832 /* ParseSwift */; };
		C84225AD29E68518005CD832 /* Alamofire in Frameworks */ = {isa = PBXBuildFile; productRef = C84225AC29E68518005CD832 /* Alamofire */; };
		C84225B029E68830005CD832 /* AlamofireImage in Frameworks */ = {isa = PBXBuildFile; productRef = C84225AF29E68830005CD832 /* AlamofireImage */; };
		C89BC45529EE6CEE00F5C3D4 /* KeyboardViewController.swift in Sources */ = {isa = PBXBuildFile; fileRef = C89BC45429EE6CEE00F5C3D4 /* KeyboardViewController.swift */; };
		C89BC45829EE71D100F5C3D4 /* ProfileViewController.swift in Sources */ = {isa = PBXBuildFile; fileRef = C89BC45729EE71D100F5C3D4 /* ProfileViewController.swift */; };
		C8B4BDB629CB4E5F00134881 /* AppDelegate.swift in Sources */ = {isa = PBXBuildFile; fileRef = C8B4BDB529CB4E5F00134881 /* AppDelegate.swift */; };
		C8B4BDB829CB4E5F00134881 /* SceneDelegate.swift in Sources */ = {isa = PBXBuildFile; fileRef = C8B4BDB729CB4E5F00134881 /* SceneDelegate.swift */; };
		C8B4BDBA29CB4E5F00134881 /* ViewController.swift in Sources */ = {isa = PBXBuildFile; fileRef = C8B4BDB929CB4E5F00134881 /* ViewController.swift */; };
		C8B4BDBD29CB4E5F00134881 /* Main.storyboard in Resources */ = {isa = PBXBuildFile; fileRef = C8B4BDBB29CB4E5F00134881 /* Main.storyboard */; };
		C8B4BDBF29CB4E6100134881 /* Assets.xcassets in Resources */ = {isa = PBXBuildFile; fileRef = C8B4BDBE29CB4E6100134881 /* Assets.xcassets */; };
		C8B4BDC229CB4E6100134881 /* LaunchScreen.storyboard in Resources */ = {isa = PBXBuildFile; fileRef = C8B4BDC029CB4E6100134881 /* LaunchScreen.storyboard */; };
/* End PBXBuildFile section */

/* Begin PBXFileReference section */
		BCB3F1E729E4A40B007ADD76 /* AutoEye.entitlements */ = {isa = PBXFileReference; lastKnownFileType = text.plist.entitlements; path = AutoEye.entitlements; sourceTree = "<group>"; };
		C2263BC429CE22F700E15792 /* LoginViewController.swift */ = {isa = PBXFileReference; lastKnownFileType = sourcecode.swift; path = LoginViewController.swift; sourceTree = "<group>"; };
		C2263BC729CE255600E15792 /* SignUpViewController.swift */ = {isa = PBXFileReference; lastKnownFileType = sourcecode.swift; path = SignUpViewController.swift; sourceTree = "<group>"; };
		C2714AD829E7173B00CAEFAE /* User.swift */ = {isa = PBXFileReference; lastKnownFileType = sourcecode.swift; path = User.swift; sourceTree = "<group>"; };
		C2E69CE529EF988D0067CA08 /* PostViewController.swift */ = {isa = PBXFileReference; lastKnownFileType = sourcecode.swift; path = PostViewController.swift; sourceTree = "<group>"; };
		C2E69CE729EF99040067CA08 /* Post.swift */ = {isa = PBXFileReference; lastKnownFileType = sourcecode.swift; path = Post.swift; sourceTree = "<group>"; };
		C840983029EFE073007576CD /* FAQViewController.swift */ = {isa = PBXFileReference; lastKnownFileType = sourcecode.swift; path = FAQViewController.swift; sourceTree = "<group>"; };
		C89BC45429EE6CEE00F5C3D4 /* KeyboardViewController.swift */ = {isa = PBXFileReference; lastKnownFileType = sourcecode.swift; path = KeyboardViewController.swift; sourceTree = "<group>"; };
		C89BC45729EE71D100F5C3D4 /* ProfileViewController.swift */ = {isa = PBXFileReference; lastKnownFileType = sourcecode.swift; path = ProfileViewController.swift; sourceTree = "<group>"; };
		C8B4BDB229CB4E5F00134881 /* AutoEye.app */ = {isa = PBXFileReference; explicitFileType = wrapper.application; includeInIndex = 0; path = AutoEye.app; sourceTree = BUILT_PRODUCTS_DIR; };
		C8B4BDB529CB4E5F00134881 /* AppDelegate.swift */ = {isa = PBXFileReference; lastKnownFileType = sourcecode.swift; path = AppDelegate.swift; sourceTree = "<group>"; };
		C8B4BDB729CB4E5F00134881 /* SceneDelegate.swift */ = {isa = PBXFileReference; lastKnownFileType = sourcecode.swift; path = SceneDelegate.swift; sourceTree = "<group>"; };
		C8B4BDB929CB4E5F00134881 /* ViewController.swift */ = {isa = PBXFileReference; lastKnownFileType = sourcecode.swift; path = ViewController.swift; sourceTree = "<group>"; };
		C8B4BDBC29CB4E5F00134881 /* Base */ = {isa = PBXFileReference; lastKnownFileType = file.storyboard; name = Base; path = Base.lproj/Main.storyboard; sourceTree = "<group>"; };
		C8B4BDBE29CB4E6100134881 /* Assets.xcassets */ = {isa = PBXFileReference; lastKnownFileType = folder.assetcatalog; path = Assets.xcassets; sourceTree = "<group>"; };
		C8B4BDC129CB4E6100134881 /* Base */ = {isa = PBXFileReference; lastKnownFileType = file.storyboard; name = Base; path = Base.lproj/LaunchScreen.storyboard; sourceTree = "<group>"; };
		C8B4BDC329CB4E6100134881 /* Info.plist */ = {isa = PBXFileReference; lastKnownFileType = text.plist.xml; path = Info.plist; sourceTree = "<group>"; };
/* End PBXFileReference section */

/* Begin PBXFrameworksBuildPhase section */
		C8B4BDAF29CB4E5F00134881 /* Frameworks */ = {
			isa = PBXFrameworksBuildPhase;
			buildActionMask = 2147483647;
			files = (
				C84225AA29E6833F005CD832 /* ParseSwift in Frameworks */,
				C84225AD29E68518005CD832 /* Alamofire in Frameworks */,
				C84225B029E68830005CD832 /* AlamofireImage in Frameworks */,
			);
			runOnlyForDeploymentPostprocessing = 0;
		};
/* End PBXFrameworksBuildPhase section */

/* Begin PBXGroup section */
		C2263BC629CE24DA00E15792 /* Login */ = {
			isa = PBXGroup;
			children = (
				C2263BC429CE22F700E15792 /* LoginViewController.swift */,
				C2263BC729CE255600E15792 /* SignUpViewController.swift */,
			);
			path = Login;
			sourceTree = "<group>";
		};
		C2714AD729E716FA00CAEFAE /* Models */ = {
			isa = PBXGroup;
			children = (
				C2714AD829E7173B00CAEFAE /* User.swift */,
				C2E69CE729EF99040067CA08 /* Post.swift */,
			);
			path = Models;
			sourceTree = "<group>";
		};
		C2714ADA29E71A0C00CAEFAE /* Extensions */ = {
			isa = PBXGroup;
			children = (
			);
			path = Extensions;
			sourceTree = "<group>";
		};
		C2E69CE429EF98690067CA08 /* Post */ = {
			isa = PBXGroup;
			children = (
				C2E69CE529EF988D0067CA08 /* PostViewController.swift */,
			);
			path = Post;
			sourceTree = "<group>";
		};
		C840982F29EFE040007576CD /* FAQ */ = {
			isa = PBXGroup;
			children = (
				C840983029EFE073007576CD /* FAQViewController.swift */,
			);
			path = FAQ;
			sourceTree = "<group>";
		};
		C89BC45329EE6C9000F5C3D4 /* Report */ = {
			isa = PBXGroup;
			children = (
				C89BC45429EE6CEE00F5C3D4 /* KeyboardViewController.swift */,
			);
			path = Report;
			sourceTree = "<group>";
		};
		C89BC45629EE719300F5C3D4 /* Profile */ = {
			isa = PBXGroup;
			children = (
				C89BC45729EE71D100F5C3D4 /* ProfileViewController.swift */,
			);
			path = Profile;
			sourceTree = "<group>";
		};
		C8B4BDA929CB4E5F00134881 = {
			isa = PBXGroup;
			children = (
				C8B4BDB429CB4E5F00134881 /* AutoEye */,
				C8B4BDB329CB4E5F00134881 /* Products */,
			);
			sourceTree = "<group>";
		};
		C8B4BDB329CB4E5F00134881 /* Products */ = {
			isa = PBXGroup;
			children = (
				C8B4BDB229CB4E5F00134881 /* AutoEye.app */,
			);
			name = Products;
			sourceTree = "<group>";
		};
		C8B4BDB429CB4E5F00134881 /* AutoEye */ = {
			isa = PBXGroup;
			children = (
				BCB3F1E729E4A40B007ADD76 /* AutoEye.entitlements */,
				C8B4BDB529CB4E5F00134881 /* AppDelegate.swift */,
				C8B4BDB729CB4E5F00134881 /* SceneDelegate.swift */,
				C8B4BDB929CB4E5F00134881 /* ViewController.swift */,
				C8B4BDBB29CB4E5F00134881 /* Main.storyboard */,
				C8B4BDBE29CB4E6100134881 /* Assets.xcassets */,
				C8B4BDC029CB4E6100134881 /* LaunchScreen.storyboard */,
				C2714ADA29E71A0C00CAEFAE /* Extensions */,
				C8B4BDC329CB4E6100134881 /* Info.plist */,
				C840982F29EFE040007576CD /* FAQ */,
				C2E69CE429EF98690067CA08 /* Post */,
				C2714AD729E716FA00CAEFAE /* Models */,
				C2263BC629CE24DA00E15792 /* Login */,
				C89BC45329EE6C9000F5C3D4 /* Report */,
				C89BC45629EE719300F5C3D4 /* Profile */,
			);
			path = AutoEye;
			sourceTree = "<group>";
		};
/* End PBXGroup section */

/* Begin PBXNativeTarget section */
		C8B4BDB129CB4E5F00134881 /* AutoEye */ = {
			isa = PBXNativeTarget;
			buildConfigurationList = C8B4BDC629CB4E6100134881 /* Build configuration list for PBXNativeTarget "AutoEye" */;
			buildPhases = (
				C8B4BDAE29CB4E5F00134881 /* Sources */,
				C8B4BDAF29CB4E5F00134881 /* Frameworks */,
				C8B4BDB029CB4E5F00134881 /* Resources */,
			);
			buildRules = (
			);
			dependencies = (
			);
			name = AutoEye;
			packageProductDependencies = (
				C84225A929E6833F005CD832 /* ParseSwift */,
				C84225AC29E68518005CD832 /* Alamofire */,
				C84225AF29E68830005CD832 /* AlamofireImage */,
			);
			productName = AutoEye;
			productReference = C8B4BDB229CB4E5F00134881 /* AutoEye.app */;
			productType = "com.apple.product-type.application";
		};
/* End PBXNativeTarget section */

/* Begin PBXProject section */
		C8B4BDAA29CB4E5F00134881 /* Project object */ = {
			isa = PBXProject;
			attributes = {
				BuildIndependentTargetsInParallel = 1;
				LastSwiftUpdateCheck = 1420;
				LastUpgradeCheck = 1420;
				TargetAttributes = {
					C8B4BDB129CB4E5F00134881 = {
						CreatedOnToolsVersion = 14.2;
					};
				};
			};
			buildConfigurationList = C8B4BDAD29CB4E5F00134881 /* Build configuration list for PBXProject "AutoEye" */;
			compatibilityVersion = "Xcode 14.0";
			developmentRegion = en;
			hasScannedForEncodings = 0;
			knownRegions = (
				en,
				Base,
			);
			mainGroup = C8B4BDA929CB4E5F00134881;
			packageReferences = (
				C84225A829E6833F005CD832 /* XCRemoteSwiftPackageReference "Parse-Swift" */,
				C84225AB29E68518005CD832 /* XCRemoteSwiftPackageReference "Alamofire" */,
				C84225AE29E68830005CD832 /* XCRemoteSwiftPackageReference "AlamofireImage" */,
				C84225B129E68862005CD832 /* XCRemoteSwiftPackageReference "Nuke" */,
			);
			productRefGroup = C8B4BDB329CB4E5F00134881 /* Products */;
			projectDirPath = "";
			projectRoot = "";
			targets = (
				C8B4BDB129CB4E5F00134881 /* AutoEye */,
			);
		};
/* End PBXProject section */

/* Begin PBXResourcesBuildPhase section */
		C8B4BDB029CB4E5F00134881 /* Resources */ = {
			isa = PBXResourcesBuildPhase;
			buildActionMask = 2147483647;
			files = (
				C8B4BDC229CB4E6100134881 /* LaunchScreen.storyboard in Resources */,
				C8B4BDBF29CB4E6100134881 /* Assets.xcassets in Resources */,
				C8B4BDBD29CB4E5F00134881 /* Main.storyboard in Resources */,
			);
			runOnlyForDeploymentPostprocessing = 0;
		};
/* End PBXResourcesBuildPhase section */

/* Begin PBXSourcesBuildPhase section */
		C8B4BDAE29CB4E5F00134881 /* Sources */ = {
			isa = PBXSourcesBuildPhase;
			buildActionMask = 2147483647;
			files = (
				C2263BC529CE22F700E15792 /* LoginViewController.swift in Sources */,
				C2E69CE829EF99040067CA08 /* Post.swift in Sources */,
				C8B4BDBA29CB4E5F00134881 /* ViewController.swift in Sources */,
				C2714AD929E7173B00CAEFAE /* User.swift in Sources */,
				C8B4BDB629CB4E5F00134881 /* AppDelegate.swift in Sources */,
				C2E69CE629EF988D0067CA08 /* PostViewController.swift in Sources */,
				C89BC45529EE6CEE00F5C3D4 /* KeyboardViewController.swift in Sources */,
				C8B4BDB829CB4E5F00134881 /* SceneDelegate.swift in Sources */,
				C89BC45829EE71D100F5C3D4 /* ProfileViewController.swift in Sources */,
				C840983129EFE073007576CD /* FAQViewController.swift in Sources */,
				C2263BC829CE255600E15792 /* SignUpViewController.swift in Sources */,
			);
			runOnlyForDeploymentPostprocessing = 0;
		};
/* End PBXSourcesBuildPhase section */

/* Begin PBXVariantGroup section */
		C8B4BDBB29CB4E5F00134881 /* Main.storyboard */ = {
			isa = PBXVariantGroup;
			children = (
				C8B4BDBC29CB4E5F00134881 /* Base */,
			);
			name = Main.storyboard;
			sourceTree = "<group>";
		};
		C8B4BDC029CB4E6100134881 /* LaunchScreen.storyboard */ = {
			isa = PBXVariantGroup;
			children = (
				C8B4BDC129CB4E6100134881 /* Base */,
			);
			name = LaunchScreen.storyboard;
			sourceTree = "<group>";
		};
/* End PBXVariantGroup section */

/* Begin XCBuildConfiguration section */
		C8B4BDC429CB4E6100134881 /* Debug */ = {
			isa = XCBuildConfiguration;
			buildSettings = {
				ALWAYS_SEARCH_USER_PATHS = NO;
				CLANG_ANALYZER_NONNULL = YES;
				CLANG_ANALYZER_NUMBER_OBJECT_CONVERSION = YES_AGGRESSIVE;
				CLANG_CXX_LANGUAGE_STANDARD = "gnu++20";
				CLANG_ENABLE_MODULES = YES;
				CLANG_ENABLE_OBJC_ARC = YES;
				CLANG_ENABLE_OBJC_WEAK = YES;
				CLANG_WARN_BLOCK_CAPTURE_AUTORELEASING = YES;
				CLANG_WARN_BOOL_CONVERSION = YES;
				CLANG_WARN_COMMA = YES;
				CLANG_WARN_CONSTANT_CONVERSION = YES;
				CLANG_WARN_DEPRECATED_OBJC_IMPLEMENTATIONS = YES;
				CLANG_WARN_DIRECT_OBJC_ISA_USAGE = YES_ERROR;
				CLANG_WARN_DOCUMENTATION_COMMENTS = YES;
				CLANG_WARN_EMPTY_BODY = YES;
				CLANG_WARN_ENUM_CONVERSION = YES;
				CLANG_WARN_INFINITE_RECURSION = YES;
				CLANG_WARN_INT_CONVERSION = YES;
				CLANG_WARN_NON_LITERAL_NULL_CONVERSION = YES;
				CLANG_WARN_OBJC_IMPLICIT_RETAIN_SELF = YES;
				CLANG_WARN_OBJC_LITERAL_CONVERSION = YES;
				CLANG_WARN_OBJC_ROOT_CLASS = YES_ERROR;
				CLANG_WARN_QUOTED_INCLUDE_IN_FRAMEWORK_HEADER = YES;
				CLANG_WARN_RANGE_LOOP_ANALYSIS = YES;
				CLANG_WARN_STRICT_PROTOTYPES = YES;
				CLANG_WARN_SUSPICIOUS_MOVE = YES;
				CLANG_WARN_UNGUARDED_AVAILABILITY = YES_AGGRESSIVE;
				CLANG_WARN_UNREACHABLE_CODE = YES;
				CLANG_WARN__DUPLICATE_METHOD_MATCH = YES;
				COPY_PHASE_STRIP = NO;
				DEBUG_INFORMATION_FORMAT = dwarf;
				ENABLE_STRICT_OBJC_MSGSEND = YES;
				ENABLE_TESTABILITY = YES;
				GCC_C_LANGUAGE_STANDARD = gnu11;
				GCC_DYNAMIC_NO_PIC = NO;
				GCC_NO_COMMON_BLOCKS = YES;
				GCC_OPTIMIZATION_LEVEL = 0;
				GCC_PREPROCESSOR_DEFINITIONS = (
					"DEBUG=1",
					"$(inherited)",
				);
				GCC_WARN_64_TO_32_BIT_CONVERSION = YES;
				GCC_WARN_ABOUT_RETURN_TYPE = YES_ERROR;
				GCC_WARN_UNDECLARED_SELECTOR = YES;
				GCC_WARN_UNINITIALIZED_AUTOS = YES_AGGRESSIVE;
				GCC_WARN_UNUSED_FUNCTION = YES;
				GCC_WARN_UNUSED_VARIABLE = YES;
				IPHONEOS_DEPLOYMENT_TARGET = 16.2;
				MTL_ENABLE_DEBUG_INFO = INCLUDE_SOURCE;
				MTL_FAST_MATH = YES;
				ONLY_ACTIVE_ARCH = YES;
				SDKROOT = iphoneos;
				SWIFT_ACTIVE_COMPILATION_CONDITIONS = DEBUG;
				SWIFT_OPTIMIZATION_LEVEL = "-Onone";
			};
			name = Debug;
		};
		C8B4BDC529CB4E6100134881 /* Release */ = {
			isa = XCBuildConfiguration;
			buildSettings = {
				ALWAYS_SEARCH_USER_PATHS = NO;
				CLANG_ANALYZER_NONNULL = YES;
				CLANG_ANALYZER_NUMBER_OBJECT_CONVERSION = YES_AGGRESSIVE;
				CLANG_CXX_LANGUAGE_STANDARD = "gnu++20";
				CLANG_ENABLE_MODULES = YES;
				CLANG_ENABLE_OBJC_ARC = YES;
				CLANG_ENABLE_OBJC_WEAK = YES;
				CLANG_WARN_BLOCK_CAPTURE_AUTORELEASING = YES;
				CLANG_WARN_BOOL_CONVERSION = YES;
				CLANG_WARN_COMMA = YES;
				CLANG_WARN_CONSTANT_CONVERSION = YES;
				CLANG_WARN_DEPRECATED_OBJC_IMPLEMENTATIONS = YES;
				CLANG_WARN_DIRECT_OBJC_ISA_USAGE = YES_ERROR;
				CLANG_WARN_DOCUMENTATION_COMMENTS = YES;
				CLANG_WARN_EMPTY_BODY = YES;
				CLANG_WARN_ENUM_CONVERSION = YES;
				CLANG_WARN_INFINITE_RECURSION = YES;
				CLANG_WARN_INT_CONVERSION = YES;
				CLANG_WARN_NON_LITERAL_NULL_CONVERSION = YES;
				CLANG_WARN_OBJC_IMPLICIT_RETAIN_SELF = YES;
				CLANG_WARN_OBJC_LITERAL_CONVERSION = YES;
				CLANG_WARN_OBJC_ROOT_CLASS = YES_ERROR;
				CLANG_WARN_QUOTED_INCLUDE_IN_FRAMEWORK_HEADER = YES;
				CLANG_WARN_RANGE_LOOP_ANALYSIS = YES;
				CLANG_WARN_STRICT_PROTOTYPES = YES;
				CLANG_WARN_SUSPICIOUS_MOVE = YES;
				CLANG_WARN_UNGUARDED_AVAILABILITY = YES_AGGRESSIVE;
				CLANG_WARN_UNREACHABLE_CODE = YES;
				CLANG_WARN__DUPLICATE_METHOD_MATCH = YES;
				COPY_PHASE_STRIP = NO;
				DEBUG_INFORMATION_FORMAT = "dwarf-with-dsym";
				ENABLE_NS_ASSERTIONS = NO;
				ENABLE_STRICT_OBJC_MSGSEND = YES;
				GCC_C_LANGUAGE_STANDARD = gnu11;
				GCC_NO_COMMON_BLOCKS = YES;
				GCC_WARN_64_TO_32_BIT_CONVERSION = YES;
				GCC_WARN_ABOUT_RETURN_TYPE = YES_ERROR;
				GCC_WARN_UNDECLARED_SELECTOR = YES;
				GCC_WARN_UNINITIALIZED_AUTOS = YES_AGGRESSIVE;
				GCC_WARN_UNUSED_FUNCTION = YES;
				GCC_WARN_UNUSED_VARIABLE = YES;
				IPHONEOS_DEPLOYMENT_TARGET = 16.2;
				MTL_ENABLE_DEBUG_INFO = NO;
				MTL_FAST_MATH = YES;
				SDKROOT = iphoneos;
				SWIFT_COMPILATION_MODE = wholemodule;
				SWIFT_OPTIMIZATION_LEVEL = "-O";
				VALIDATE_PRODUCT = YES;
			};
			name = Release;
		};
		C8B4BDC729CB4E6100134881 /* Debug */ = {
			isa = XCBuildConfiguration;
			buildSettings = {
				ASSETCATALOG_COMPILER_APPICON_NAME = AppIcon;
				ASSETCATALOG_COMPILER_GLOBAL_ACCENT_COLOR_NAME = AccentColor;
				CODE_SIGN_ENTITLEMENTS = AutoEye/AutoEye.entitlements;
				CODE_SIGN_STYLE = Automatic;
				CURRENT_PROJECT_VERSION = 1;
				DEVELOPMENT_TEAM = 74T3FC85R9;
				GENERATE_INFOPLIST_FILE = YES;
				INFOPLIST_FILE = AutoEye/Info.plist;
				INFOPLIST_KEY_UIApplicationSupportsIndirectInputEvents = YES;
				INFOPLIST_KEY_UILaunchStoryboardName = LaunchScreen;
				INFOPLIST_KEY_UIMainStoryboardFile = Main;
				INFOPLIST_KEY_UISupportedInterfaceOrientations_iPad = "UIInterfaceOrientationPortrait UIInterfaceOrientationPortraitUpsideDown UIInterfaceOrientationLandscapeLeft UIInterfaceOrientationLandscapeRight";
				INFOPLIST_KEY_UISupportedInterfaceOrientations_iPhone = "UIInterfaceOrientationPortrait UIInterfaceOrientationLandscapeLeft UIInterfaceOrientationLandscapeRight";
				LD_RUNPATH_SEARCH_PATHS = (
					"$(inherited)",
					"@executable_path/Frameworks",
				);
				MARKETING_VERSION = 1.0;
				PRODUCT_BUNDLE_IDENTIFIER = HarshiniOruganti.AutoEye;
				PRODUCT_NAME = "$(TARGET_NAME)";
				SWIFT_EMIT_LOC_STRINGS = YES;
				SWIFT_VERSION = 5.0;
				TARGETED_DEVICE_FAMILY = "1,2";
			};
			name = Debug;
		};
		C8B4BDC829CB4E6100134881 /* Release */ = {
			isa = XCBuildConfiguration;
			buildSettings = {
				ASSETCATALOG_COMPILER_APPICON_NAME = AppIcon;
				ASSETCATALOG_COMPILER_GLOBAL_ACCENT_COLOR_NAME = AccentColor;
				CODE_SIGN_ENTITLEMENTS = AutoEye/AutoEye.entitlements;
				CODE_SIGN_STYLE = Automatic;
				CURRENT_PROJECT_VERSION = 1;
				DEVELOPMENT_TEAM = 74T3FC85R9;
				GENERATE_INFOPLIST_FILE = YES;
				INFOPLIST_FILE = AutoEye/Info.plist;
				INFOPLIST_KEY_UIApplicationSupportsIndirectInputEvents = YES;
				INFOPLIST_KEY_UILaunchStoryboardName = LaunchScreen;
				INFOPLIST_KEY_UIMainStoryboardFile = Main;
				INFOPLIST_KEY_UISupportedInterfaceOrientations_iPad = "UIInterfaceOrientationPortrait UIInterfaceOrientationPortraitUpsideDown UIInterfaceOrientationLandscapeLeft UIInterfaceOrientationLandscapeRight";
				INFOPLIST_KEY_UISupportedInterfaceOrientations_iPhone = "UIInterfaceOrientationPortrait UIInterfaceOrientationLandscapeLeft UIInterfaceOrientationLandscapeRight";
				LD_RUNPATH_SEARCH_PATHS = (
					"$(inherited)",
					"@executable_path/Frameworks",
				);
				MARKETING_VERSION = 1.0;
				PRODUCT_BUNDLE_IDENTIFIER = HarshiniOruganti.AutoEye;
				PRODUCT_NAME = "$(TARGET_NAME)";
				SWIFT_EMIT_LOC_STRINGS = YES;
				SWIFT_VERSION = 5.0;
				TARGETED_DEVICE_FAMILY = "1,2";
			};
			name = Release;
		};
/* End XCBuildConfiguration section */

/* Begin XCConfigurationList section */
		C8B4BDAD29CB4E5F00134881 /* Build configuration list for PBXProject "AutoEye" */ = {
			isa = XCConfigurationList;
			buildConfigurations = (
				C8B4BDC429CB4E6100134881 /* Debug */,
				C8B4BDC529CB4E6100134881 /* Release */,
			);
			defaultConfigurationIsVisible = 0;
			defaultConfigurationName = Release;
		};
		C8B4BDC629CB4E6100134881 /* Build configuration list for PBXNativeTarget "AutoEye" */ = {
			isa = XCConfigurationList;
			buildConfigurations = (
				C8B4BDC729CB4E6100134881 /* Debug */,
				C8B4BDC829CB4E6100134881 /* Release */,
			);
			defaultConfigurationIsVisible = 0;
			defaultConfigurationName = Release;
		};
/* End XCConfigurationList section */

/* Begin XCRemoteSwiftPackageReference section */
		C84225A829E6833F005CD832 /* XCRemoteSwiftPackageReference "Parse-Swift" */ = {
			isa = XCRemoteSwiftPackageReference;
			repositoryURL = "https://github.com/parse-community/Parse-Swift";
			requirement = {
				kind = upToNextMajorVersion;
				minimumVersion = 4.0.0;
			};
		};
		C84225AB29E68518005CD832 /* XCRemoteSwiftPackageReference "Alamofire" */ = {
			isa = XCRemoteSwiftPackageReference;
			repositoryURL = "https://github.com/Alamofire/Alamofire";
			requirement = {
				kind = upToNextMajorVersion;
				minimumVersion = 5.0.0;
			};
		};
		C84225AE29E68830005CD832 /* XCRemoteSwiftPackageReference "AlamofireImage" */ = {
			isa = XCRemoteSwiftPackageReference;
			repositoryURL = "https://github.com/Alamofire/AlamofireImage";
			requirement = {
				kind = upToNextMajorVersion;
				minimumVersion = 4.0.0;
			};
		};
		C84225B129E68862005CD832 /* XCRemoteSwiftPackageReference "Nuke" */ = {
			isa = XCRemoteSwiftPackageReference;
			repositoryURL = "https://github.com/kean/Nuke";
			requirement = {
				branch = main;
				kind = branch;
			};
		};
/* End XCRemoteSwiftPackageReference section */

/* Begin XCSwiftPackageProductDependency section */
		C84225A929E6833F005CD832 /* ParseSwift */ = {
			isa = XCSwiftPackageProductDependency;
			package = C84225A829E6833F005CD832 /* XCRemoteSwiftPackageReference "Parse-Swift" */;
			productName = ParseSwift;
		};
		C84225AC29E68518005CD832 /* Alamofire */ = {
			isa = XCSwiftPackageProductDependency;
			package = C84225AB29E68518005CD832 /* XCRemoteSwiftPackageReference "Alamofire" */;
			productName = Alamofire;
		};
		C84225AF29E68830005CD832 /* AlamofireImage */ = {
			isa = XCSwiftPackageProductDependency;
			package = C84225AE29E68830005CD832 /* XCRemoteSwiftPackageReference "AlamofireImage" */;
			productName = AlamofireImage;
		};
/* End XCSwiftPackageProductDependency section */
	};
	rootObject = C8B4BDAA29CB4E5F00134881 /* Project object */;
}
